
Microsoft Visual Studio Solution File, Format Version 12.00
# Visual Studio 2013
VisualStudioVersion = 12.0.30501.0
MinimumVisualStudioVersion = 10.0.40219.1
Project("{FAE04EC0-301F-11D3-BF4B-00C04F79EFBC}") = "epicnetwork.rocks", "epicnetwork.rocks\epicnetwork.rocks.csproj", "{667C8126-75D4-4808-B3E0-F90B2B57585E}"
EndProject
Project("{FAE04EC0-301F-11D3-BF4B-00C04F79EFBC}") = "epicnetwork.rocks.Tests", "epicnetwork.rocks.Tests\epicnetwork.rocks.Tests.csproj", "{1903CE3D-9EF6-4184-86B2-BACEB2708EDE}"
EndProject
Global
	GlobalSection(SolutionConfigurationPlatforms) = preSolution
		Debug|Any CPU = Debug|Any CPU
		Release|Any CPU = Release|Any CPU
	EndGlobalSection
	GlobalSection(ProjectConfigurationPlatforms) = postSolution
		{667C8126-75D4-4808-B3E0-F90B2B57585E}.Debug|Any CPU.ActiveCfg = Debug|Any CPU
		{667C8126-75D4-4808-B3E0-F90B2B57585E}.Debug|Any CPU.Build.0 = Debug|Any CPU
		{667C8126-75D4-4808-B3E0-F90B2B57585E}.Release|Any CPU.ActiveCfg = Release|Any CPU
		{667C8126-75D4-4808-B3E0-F90B2B57585E}.Release|Any CPU.Build.0 = Release|Any CPU
		{1903CE3D-9EF6-4184-86B2-BACEB2708EDE}.Debug|Any CPU.ActiveCfg = Debug|Any CPU
		{1903CE3D-9EF6-4184-86B2-BACEB2708EDE}.Debug|Any CPU.Build.0 = Debug|Any CPU
		{1903CE3D-9EF6-4184-86B2-BACEB2708EDE}.Release|Any CPU.ActiveCfg = Release|Any CPU
		{1903CE3D-9EF6-4184-86B2-BACEB2708EDE}.Release|Any CPU.Build.0 = Release|Any CPU
	EndGlobalSection
	GlobalSection(SolutionProperties) = preSolution
		HideSolutionNode = FALSE
	EndGlobalSection
EndGlobal
